{
  "name": "taobao",
  "version": "1.0.0",
  "lockfileVersion": 1,
  "requires": true,
  "dependencies": {
    "@types/node": {
      "version": "13.13.5",
      "resolved": "https://registry.npm.taobao.org/@types/node/download/@types/node-13.13.5.tgz?cache=0&sync_timestamp=1588705613330&other_urls=https%3A%2F%2Fregistry.npm.taobao.org%2F%40types%2Fnode%2Fdownload%2F%40types%2Fnode-13.13.5.tgz",
      "integrity": "sha1-luw7Cvr9ZKTM6pEHt1v4SJ8OV2U=",
      "dev": true
    },
    "babel-runtime": {
      "version": "6.26.0",
      "resolved": "http://registry.npm.taobao.org/babel-runtime/download/babel-runtime-6.26.0.tgz",
      "integrity": "sha1-llxwWGaOgrVde/4E/yM3vItWR/4=",
      "dev": true,
      "requires": {
        "core-js": "^2.4.0",
        "regenerator-runtime": "^0.11.0"
      },
      "dependencies": {
        "core-js": {
          "version": "2.6.11",
          "resolved": "https://registry.npm.taobao.org/core-js/download/core-js-2.6.11.tgz",
          "integrity": "sha1-OIMUafmSK97Y7iHJ3EaYXgOZMIw=",
          "dev": true
        }
      }
    },
    "core-js": {
      "version": "3.6.5",
      "resolved": "https://registry.npm.taobao.org/core-js/download/core-js-3.6.5.tgz",
      "integrity": "sha1-c5XcJzrzf7LlDpvT2f6EEoUjHRo=",
      "dev": true
    },
    "data-uri-to-buffer": {
      "version": "4.0.0",
      "resolved": "https://registry.npmjs.org/data-uri-to-buffer/-/data-uri-to-buffer-4.0.0.tgz",
      "integrity": "sha512-Vr3mLBA8qWmcuschSLAOogKgQ/Jwxulv3RNE4FXnYWRGujzrRWQI4m12fQqRkwX06C0KanhLr4hK+GydchZsaA==",
      "dev": true
    },
    "debug": {
      "version": "4.1.1",
      "resolved": "http://registry.npm.taobao.org/debug/download/debug-4.1.1.tgz",
      "integrity": "sha1-O3ImAlUQnGtYnO4FDx1RYTlmR5E=",
      "dev": true,
      "requires": {
        "ms": "^2.1.1"
      }
    },
    "fetch-blob": {
      "version": "3.1.4",
      "resolved": "https://registry.npmjs.org/fetch-blob/-/fetch-blob-3.1.4.tgz",
      "integrity": "sha512-Eq5Xv5+VlSrYWEqKrusxY1C3Hm/hjeAsCGVG3ft7pZahlUAChpGZT/Ms1WmSLnEAisEXszjzu/s+ce6HZB2VHA==",
      "dev": true,
      "requires": {
        "node-domexception": "^1.0.0",
        "web-streams-polyfill": "^3.0.3"
      }
    },
    "fetch-mock": {
      "version": "9.7.0",
      "resolved": "https://registry.npm.taobao.org/fetch-mock/download/fetch-mock-9.7.0.tgz",
      "integrity": "sha1-Rmh1H5UEzZu50EWxDCQCOtcKAS8=",
      "dev": true,
      "requires": {
        "babel-runtime": "^6.26.0",
        "core-js": "^3.0.0",
        "debug": "^4.1.1",
        "glob-to-regexp": "^0.4.0",
        "is-subset": "^0.1.1",
        "lodash.isequal": "^4.5.0",
        "path-to-regexp": "^2.2.1",
        "querystring": "^0.2.0",
        "whatwg-url": "^6.5.0"
      }
    },
    "formdata-polyfill": {
      "version": "4.0.10",
      "resolved": "https://registry.npmjs.org/formdata-polyfill/-/formdata-polyfill-4.0.10.tgz",
      "integrity": "sha512-buewHzMvYL29jdeQTVILecSaZKnt/RJWjoZCF5OW60Z67/GmSLBkOFM7qh1PI3zFNtJbaZL5eQu1vLfazOwj4g==",
      "dev": true,
      "requires": {
        "fetch-blob": "^3.1.2"
      }
    },
    "glob-to-regexp": {
      "version": "0.4.1",
      "resolved": "http://registry.npm.taobao.org/glob-to-regexp/download/glob-to-regexp-0.4.1.tgz",
      "integrity": "sha1-x1KXCHyFG5pXi9IX3VmpL1n+VG4=",
      "dev": true
    },
    "is-subset": {
      "version": "0.1.1",
      "resolved": "https://registry.npm.taobao.org/is-subset/download/is-subset-0.1.1.tgz",
      "integrity": "sha1-ilkRfZMt4d4A8kX83TnOQ/HpOaY=",
      "dev": true
    },
    "lodash.isequal": {
      "version": "4.5.0",
      "resolved": "http://registry.npm.taobao.org/lodash.isequal/download/lodash.isequal-4.5.0.tgz",
      "integrity": "sha1-QVxEePK8wwEgwizhDtMib30+GOA=",
      "dev": true
    },
    "lodash.sortby": {
      "version": "4.7.0",
      "resolved": "http://registry.npm.taobao.org/lodash.sortby/download/lodash.sortby-4.7.0.tgz",
      "integrity": "sha1-7dFMgk4sycHgsKG0K7UhBRakJDg=",
      "dev": true
    },
    "ms": {
      "version": "2.1.2",
      "resolved": "https://registry.npm.taobao.org/ms/download/ms-2.1.2.tgz",
      "integrity": "sha1-0J0fNXtEP0kzgqjrPM0YOHKuYAk=",
      "dev": true
    },
    "node-domexception": {
      "version": "1.0.0",
      "resolved": "https://registry.npmjs.org/node-domexception/-/node-domexception-1.0.0.tgz",
      "integrity": "sha512-/jKZoMpw0F8GRwl4/eLROPA3cfcXtLApP0QzLmUT/HuPCZWyB7IY9ZrMeKw2O/nFIqPQB3PVM9aYm0F312AXDQ==",
      "dev": true
    },
    "node-fetch": {
      "version": "3.1.1",
      "resolved": "https://registry.npmjs.org/node-fetch/-/node-fetch-3.1.1.tgz",
      "integrity": "sha512-SMk+vKgU77PYotRdWzqZGTZeuFKlsJ0hu4KPviQKkfY+N3vn2MIzr0rvpnYpR8MtB3IEuhlEcuOLbGvLRlA+yg==",
      "dev": true,
      "requires": {
        "data-uri-to-buffer": "^4.0.0",
        "fetch-blob": "^3.1.3",
        "formdata-polyfill": "^4.0.10"
      }
    },
    "path-to-regexp": {
      "version": "2.4.0",
      "resolved": "https://registry.npm.taobao.org/path-to-regexp/download/path-to-regexp-2.4.0.tgz",
      "integrity": "sha1-Nc5/Mz1WFvHB4b/iZsOrouWy5wQ=",
      "dev": true
    },
    "punycode": {
      "version": "2.1.1",
      "resolved": "http://registry.npm.taobao.org/punycode/download/punycode-2.1.1.tgz",
      "integrity": "sha1-tYsBCsQMIsVldhbI0sLALHv0eew=",
      "dev": true
    },
    "querystring": {
      "version": "0.2.0",
      "resolved": "http://registry.npm.taobao.org/querystring/download/querystring-0.2.0.tgz",
      "integrity": "sha1-sgmEkgO7Jd+CDadW50cAWHhSFiA=",
      "dev": true
    },
    "regenerator-runtime": {
      "version": "0.11.1",
      "resolved": "https://registry.npm.taobao.org/regenerator-runtime/download/regenerator-runtime-0.11.1.tgz?cache=0&sync_timestamp=1584052392667&other_urls=https%3A%2F%2Fregistry.npm.taobao.org%2Fregenerator-runtime%2Fdownload%2Fregenerator-runtime-0.11.1.tgz",
      "integrity": "sha1-vgWtf5v30i4Fb5cmzuUBf78Z4uk=",
      "dev": true
    },
    "tr46": {
      "version": "1.0.1",
      "resolved": "https://registry.npm.taobao.org/tr46/download/tr46-1.0.1.tgz",
      "integrity": "sha1-qLE/1r/SSJUZZ0zN5VujaTtwbQk=",
      "dev": true,
      "requires": {
        "punycode": "^2.1.0"
      }
    },
    "typescript": {
      "version": "3.8.3",
      "resolved": "https://registry.npm.taobao.org/typescript/download/typescript-3.8.3.tgz?cache=0&sync_timestamp=1589181423716&other_urls=https%3A%2F%2Fregistry.npm.taobao.org%2Ftypescript%2Fdownload%2Ftypescript-3.8.3.tgz",
      "integrity": "sha1-QJ64VE6gM1cRIFhp7EWKsQnuEGE=",
      "dev": true
    },
    "web-streams-polyfill": {
      "version": "3.2.0",
      "resolved": "https://registry.npmjs.org/web-streams-polyfill/-/web-streams-polyfill-3.2.0.tgz",
      "integrity": "sha512-EqPmREeOzttaLRm5HS7io98goBgZ7IVz79aDvqjD0kYXLtFZTc0T/U6wHTPKyIjb+MdN7DFIIX6hgdBEpWmfPA==",
      "dev": true
    },
    "webidl-conversions": {
      "version": "4.0.2",
      "resolved": "https://registry.npm.taobao.org/webidl-conversions/download/webidl-conversions-4.0.2.tgz",
      "integrity": "sha1-qFWYCx8LazWbodXZ+zmulB+qY60=",
      "dev": true
    },
    "whatwg-url": {
      "version": "6.5.0",
      "resolved": "https://registry.npm.taobao.org/whatwg-url/download/whatwg-url-6.5.0.tgz?cache=0&other_urls=https%3A%2F%2Fregistry.npm.taobao.org%2Fwhatwg-url%2Fdownload%2Fwhatwg-url-6.5.0.tgz",
      "integrity": "sha1-8t8Cv/F2/WUHDfdK1cy7WhmZZag=",
      "dev": true,
      "requires": {
        "lodash.sortby": "^4.7.0",
        "tr46": "^1.0.1",
        "webidl-conversions": "^4.0.2"
      }
    }
  }
}
